<Solution>
  <Project Path="src/Pinguteca.Sdk.Core/Pinguteca.Sdk.Core.csproj" />
  <Project Path="src/Pinguteca.Sdk.Core.Compression/Pinguteca.Sdk.Core.Compression.csproj" />
  <Project Path="src/Pinguteca.Sdk.Core.Logging/Pinguteca.Sdk.Core.Logging.csproj" />
  <Project Path="tests/Pinguteca.Sdk.Core.Tests/Pinguteca.Sdk.Core.Tests.csproj" />
  <Project Path="tests/Pinguteca.Sdk.Core.Compression.Tests/Pinguteca.Sdk.Core.Compression.Tests.csproj" />
  <Project Path="tests/Pinguteca.Sdk.Core.Logging.Tests/Pinguteca.Sdk.Core.Logging.Tests.csproj" />
</Solution>
